// !$*UTF8*$!
{
	archiveVersion = 1;
	classes = {
	};
	objectVersion = 56;
	objects = {

/* Begin PBXBuildFile section */
		FF5D3F9A2AD54C6F00B549AD /* WordListView.swift in Sources */ = {isa = PBXBuildFile; fileRef = FF5D3F992AD54C6F00B549AD /* WordListView.swift */; };
		FF5D3F9D2AD5600600B549AD /* Page_About.swift in Sources */ = {isa = PBXBuildFile; fileRef = FF5D3F9C2AD5600600B549AD /* Page_About.swift */; };
		FF5D3F9F2AD5609E00B549AD /* Page_Words.swift in Sources */ = {isa = PBXBuildFile; fileRef = FF5D3F9E2AD5609E00B549AD /* Page_Words.swift */; };
		FF7D66B92AD6372600723AD3 /* Word.swift in Sources */ = {isa = PBXBuildFile; fileRef = FF7D66B82AD6372600723AD3 /* Word.swift */; };
		FF7D66BB2AD639AA00723AD3 /* Page_Develop.swift in Sources */ = {isa = PBXBuildFile; fileRef = FF7D66BA2AD639AA00723AD3 /* Page_Develop.swift */; };
		FFB04C192AD4E3EB00EE6C4F /* Hydrangea_MemorApp.swift in Sources */ = {isa = PBXBuildFile; fileRef = FFB04C182AD4E3EB00EE6C4F /* Hydrangea_MemorApp.swift */; };
		FFB04C1B2AD4E3EB00EE6C4F /* ContentView.swift in Sources */ = {isa = PBXBuildFile; fileRef = FFB04C1A2AD4E3EB00EE6C4F /* ContentView.swift */; };
		FFB04C1D2AD4E3EC00EE6C4F /* Assets.xcassets in Resources */ = {isa = PBXBuildFile; fileRef = FFB04C1C2AD4E3EC00EE6C4F /* Assets.xcassets */; };
		FFB04C202AD4E3EC00EE6C4F /* Preview Assets.xcassets in Resources */ = {isa = PBXBuildFile; fileRef = FFB04C1F2AD4E3EC00EE6C4F /* Preview Assets.xcassets */; };
		FFB04C2B2AD4E3EC00EE6C4F /* Hydrangea_MemorTests.swift in Sources */ = {isa = PBXBuildFile; fileRef = FFB04C2A2AD4E3EC00EE6C4F /* Hydrangea_MemorTests.swift */; };
		FFB04C352AD4E3EC00EE6C4F /* Hydrangea_MemorUITests.swift in Sources */ = {isa = PBXBuildFile; fileRef = FFB04C342AD4E3EC00EE6C4F /* Hydrangea_MemorUITests.swift */; };
		FFB04C372AD4E3EC00EE6C4F /* Hydrangea_MemorUITestsLaunchTests.swift in Sources */ = {isa = PBXBuildFile; fileRef = FFB04C362AD4E3EC00EE6C4F /* Hydrangea_MemorUITestsLaunchTests.swift */; };
		FFB04C452AD4E77200EE6C4F /* WordList.swift in Sources */ = {isa = PBXBuildFile; fileRef = FFB04C442AD4E77200EE6C4F /* WordList.swift */; };
/* End PBXBuildFile section */

/* Begin PBXContainerItemProxy section */
		FFB04C272AD4E3EC00EE6C4F /* PBXContainerItemProxy */ = {
			isa = PBXContainerItemProxy;
			containerPortal = FFB04C0D2AD4E3EB00EE6C4F /* Project object */;
			proxyType = 1;
			remoteGlobalIDString = FFB04C142AD4E3EB00EE6C4F;
			remoteInfo = "Hydrangea Memor";
		};
		FFB04C312AD4E3EC00EE6C4F /* PBXContainerItemProxy */ = {
			isa = PBXContainerItemProxy;
			containerPortal = FFB04C0D2AD4E3EB00EE6C4F /* Project object */;
			proxyType = 1;
			remoteGlobalIDString = FFB04C142AD4E3EB00EE6C4F;
			remoteInfo = "Hydrangea Memor";
		};
/* End PBXContainerItemProxy section */

/* Begin PBXFileReference section */
		FF5D3F992AD54C6F00B549AD /* WordListView.swift */ = {isa = PBXFileReference; lastKnownFileType = sourcecode.swift; path = WordListView.swift; sourceTree = "<group>"; };
		FF5D3F9C2AD5600600B549AD /* Page_About.swift */ = {isa = PBXFileReference; lastKnownFileType = sourcecode.swift; path = Page_About.swift; sourceTree = "<group>"; };
		FF5D3F9E2AD5609E00B549AD /* Page_Words.swift */ = {isa = PBXFileReference; lastKnownFileType = sourcecode.swift; path = Page_Words.swift; sourceTree = "<group>"; };
		FF7D66B82AD6372600723AD3 /* Word.swift */ = {isa = PBXFileReference; lastKnownFileType = sourcecode.swift; path = Word.swift; sourceTree = "<group>"; };
		FF7D66BA2AD639AA00723AD3 /* Page_Develop.swift */ = {isa = PBXFileReference; lastKnownFileType = sourcecode.swift; path = Page_Develop.swift; sourceTree = "<group>"; };
		FFB04C152AD4E3EB00EE6C4F /* Hydrangea Memor.app */ = {isa = PBXFileReference; explicitFileType = wrapper.application; includeInIndex = 0; path = "Hydrangea Memor.app"; sourceTree = BUILT_PRODUCTS_DIR; };
		FFB04C182AD4E3EB00EE6C4F /* Hydrangea_MemorApp.swift */ = {isa = PBXFileReference; lastKnownFileType = sourcecode.swift; path = Hydrangea_MemorApp.swift; sourceTree = "<group>"; };
		FFB04C1A2AD4E3EB00EE6C4F /* ContentView.swift */ = {isa = PBXFileReference; lastKnownFileType = sourcecode.swift; path = ContentView.swift; sourceTree = "<group>"; };
		FFB04C1C2AD4E3EC00EE6C4F /* Assets.xcassets */ = {isa = PBXFileReference; lastKnownFileType = folder.assetcatalog; path = Assets.xcassets; sourceTree = "<group>"; };
		FFB04C1F2AD4E3EC00EE6C4F /* Preview Assets.xcassets */ = {isa = PBXFileReference; lastKnownFileType = folder.assetcatalog; path = "Preview Assets.xcassets"; sourceTree = "<group>"; };
		FFB04C212AD4E3EC00EE6C4F /* Hydrangea_Memor.entitlements */ = {isa = PBXFileReference; lastKnownFileType = text.plist.entitlements; path = Hydrangea_Memor.entitlements; sourceTree = "<group>"; };
		FFB04C262AD4E3EC00EE6C4F /* Hydrangea MemorTests.xctest */ = {isa = PBXFileReference; explicitFileType = wrapper.cfbundle; includeInIndex = 0; path = "Hydrangea MemorTests.xctest"; sourceTree = BUILT_PRODUCTS_DIR; };
		FFB04C2A2AD4E3EC00EE6C4F /* Hydrangea_MemorTests.swift */ = {isa = PBXFileReference; lastKnownFileType = sourcecode.swift; path = Hydrangea_MemorTests.swift; sourceTree = "<group>"; };
		FFB04C302AD4E3EC00EE6C4F /* Hydrangea MemorUITests.xctest */ = {isa = PBXFileReference; explicitFileType = wrapper.cfbundle; includeInIndex = 0; path = "Hydrangea MemorUITests.xctest"; sourceTree = BUILT_PRODUCTS_DIR; };
		FFB04C342AD4E3EC00EE6C4F /* Hydrangea_MemorUITests.swift */ = {isa = PBXFileReference; lastKnownFileType = sourcecode.swift; path = Hydrangea_MemorUITests.swift; sourceTree = "<group>"; };
		FFB04C362AD4E3EC00EE6C4F /* Hydrangea_MemorUITestsLaunchTests.swift */ = {isa = PBXFileReference; lastKnownFileType = sourcecode.swift; path = Hydrangea_MemorUITestsLaunchTests.swift; sourceTree = "<group>"; };
		FFB04C442AD4E77200EE6C4F /* WordList.swift */ = {isa = PBXFileReference; lastKnownFileType = sourcecode.swift; path = WordList.swift; sourceTree = "<group>"; };
/* End PBXFileReference section */

/* Begin PBXFrameworksBuildPhase section */
		FFB04C122AD4E3EB00EE6C4F /* Frameworks */ = {
			isa = PBXFrameworksBuildPhase;
			buildActionMask = 2147483647;
			files = (
			);
			runOnlyForDeploymentPostprocessing = 0;
		};
		FFB04C232AD4E3EC00EE6C4F /* Frameworks */ = {
			isa = PBXFrameworksBuildPhase;
			buildActionMask = 2147483647;
			files = (
			);
			runOnlyForDeploymentPostprocessing = 0;
		};
		FFB04C2D2AD4E3EC00EE6C4F /* Frameworks */ = {
			isa = PBXFrameworksBuildPhase;
			buildActionMask = 2147483647;
			files = (
			);
			runOnlyForDeploymentPostprocessing = 0;
		};
/* End PBXFrameworksBuildPhase section */

/* Begin PBXGroup section */
		FF5D3F982AD54C5300B549AD /* components */ = {
			isa = PBXGroup;
			children = (
				FF5D3F992AD54C6F00B549AD /* WordListView.swift */,
				FF5D3F9C2AD5600600B549AD /* Page_About.swift */,
				FF5D3F9E2AD5609E00B549AD /* Page_Words.swift */,
				FF7D66BA2AD639AA00723AD3 /* Page_Develop.swift */,
			);
			path = components;
			sourceTree = "<group>";
		};
		FFB04C0C2AD4E3EB00EE6C4F = {
			isa = PBXGroup;
			children = (
				FFB04C172AD4E3EB00EE6C4F /* Hydrangea Memor */,
				FFB04C292AD4E3EC00EE6C4F /* Hydrangea MemorTests */,
				FFB04C332AD4E3EC00EE6C4F /* Hydrangea MemorUITests */,
				FFB04C162AD4E3EB00EE6C4F /* Products */,
			);
			sourceTree = "<group>";
		};
		FFB04C162AD4E3EB00EE6C4F /* Products */ = {
			isa = PBXGroup;
			children = (
				FFB04C152AD4E3EB00EE6C4F /* Hydrangea Memor.app */,
				FFB04C262AD4E3EC00EE6C4F /* Hydrangea MemorTests.xctest */,
				FFB04C302AD4E3EC00EE6C4F /* Hydrangea MemorUITests.xctest */,
			);
			name = Products;
			sourceTree = "<group>";
		};
		FFB04C172AD4E3EB00EE6C4F /* Hydrangea Memor */ = {
			isa = PBXGroup;
			children = (
				FF5D3F982AD54C5300B549AD /* components */,
				FFB04C182AD4E3EB00EE6C4F /* Hydrangea_MemorApp.swift */,
				FFB04C1A2AD4E3EB00EE6C4F /* ContentView.swift */,
				FFB04C432AD4E75600EE6C4F /* structs */,
				FFB04C1C2AD4E3EC00EE6C4F /* Assets.xcassets */,
				FFB04C212AD4E3EC00EE6C4F /* Hydrangea_Memor.entitlements */,
				FFB04C1E2AD4E3EC00EE6C4F /* Preview Content */,
			);
			path = "Hydrangea Memor";
			sourceTree = "<group>";
		};
		FFB04C1E2AD4E3EC00EE6C4F /* Preview Content */ = {
			isa = PBXGroup;
			children = (
				FFB04C1F2AD4E3EC00EE6C4F /* Preview Assets.xcassets */,
			);
			path = "Preview Content";
			sourceTree = "<group>";
		};
		FFB04C292AD4E3EC00EE6C4F /* Hydrangea MemorTests */ = {
			isa = PBXGroup;
			children = (
				FFB04C2A2AD4E3EC00EE6C4F /* Hydrangea_MemorTests.swift */,
			);
			path = "Hydrangea MemorTests";
			sourceTree = "<group>";
		};
		FFB04C332AD4E3EC00EE6C4F /* Hydrangea MemorUITests */ = {
			isa = PBXGroup;
			children = (
				FFB04C342AD4E3EC00EE6C4F /* Hydrangea_MemorUITests.swift */,
				FFB04C362AD4E3EC00EE6C4F /* Hydrangea_MemorUITestsLaunchTests.swift */,
			);
			path = "Hydrangea MemorUITests";
			sourceTree = "<group>";
		};
		FFB04C432AD4E75600EE6C4F /* structs */ = {
			isa = PBXGroup;
			children = (
				FFB04C442AD4E77200EE6C4F /* WordList.swift */,
				FF7D66B82AD6372600723AD3 /* Word.swift */,
			);
			path = structs;
			sourceTree = "<group>";
		};
/* End PBXGroup section */

/* Begin PBXNativeTarget section */
		FFB04C142AD4E3EB00EE6C4F /* Hydrangea Memor */ = {
			isa = PBXNativeTarget;
			buildConfigurationList = FFB04C3A2AD4E3EC00EE6C4F /* Build configuration list for PBXNativeTarget "Hydrangea Memor" */;
			buildPhases = (
				FFB04C112AD4E3EB00EE6C4F /* Sources */,
				FFB04C122AD4E3EB00EE6C4F /* Frameworks */,
				FFB04C132AD4E3EB00EE6C4F /* Resources */,
			);
			buildRules = (
			);
			dependencies = (
			);
			name = "Hydrangea Memor";
			productName = "Hydrangea Memor";
			productReference = FFB04C152AD4E3EB00EE6C4F /* Hydrangea Memor.app */;
			productType = "com.apple.product-type.application";
		};
		FFB04C252AD4E3EC00EE6C4F /* Hydrangea MemorTests */ = {
			isa = PBXNativeTarget;
			buildConfigurationList = FFB04C3D2AD4E3EC00EE6C4F /* Build configuration list for PBXNativeTarget "Hydrangea MemorTests" */;
			buildPhases = (
				FFB04C222AD4E3EC00EE6C4F /* Sources */,
				FFB04C232AD4E3EC00EE6C4F /* Frameworks */,
				FFB04C242AD4E3EC00EE6C4F /* Resources */,
			);
			buildRules = (
			);
			dependencies = (
				FFB04C282AD4E3EC00EE6C4F /* PBXTargetDependency */,
			);
			name = "Hydrangea MemorTests";
			productName = "Hydrangea MemorTests";
			productReference = FFB04C262AD4E3EC00EE6C4F /* Hydrangea MemorTests.xctest */;
			productType = "com.apple.product-type.bundle.unit-test";
		};
		FFB04C2F2AD4E3EC00EE6C4F /* Hydrangea MemorUITests */ = {
			isa = PBXNativeTarget;
			buildConfigurationList = FFB04C402AD4E3EC00EE6C4F /* Build configuration list for PBXNativeTarget "Hydrangea MemorUITests" */;
			buildPhases = (
				FFB04C2C2AD4E3EC00EE6C4F /* Sources */,
				FFB04C2D2AD4E3EC00EE6C4F /* Frameworks */,
				FFB04C2E2AD4E3EC00EE6C4F /* Resources */,
			);
			buildRules = (
			);
			dependencies = (
				FFB04C322AD4E3EC00EE6C4F /* PBXTargetDependency */,
			);
			name = "Hydrangea MemorUITests";
			productName = "Hydrangea MemorUITests";
			productReference = FFB04C302AD4E3EC00EE6C4F /* Hydrangea MemorUITests.xctest */;
			productType = "com.apple.product-type.bundle.ui-testing";
		};
/* End PBXNativeTarget section */

/* Begin PBXProject section */
		FFB04C0D2AD4E3EB00EE6C4F /* Project object */ = {
			isa = PBXProject;
			attributes = {
				BuildIndependentTargetsInParallel = 1;
				LastSwiftUpdateCheck = 1430;
				LastUpgradeCheck = 1430;
				TargetAttributes = {
					FFB04C142AD4E3EB00EE6C4F = {
						CreatedOnToolsVersion = 14.3.1;
					};
					FFB04C252AD4E3EC00EE6C4F = {
						CreatedOnToolsVersion = 14.3.1;
						TestTargetID = FFB04C142AD4E3EB00EE6C4F;
					};
					FFB04C2F2AD4E3EC00EE6C4F = {
						CreatedOnToolsVersion = 14.3.1;
						TestTargetID = FFB04C142AD4E3EB00EE6C4F;
					};
				};
			};
			buildConfigurationList = FFB04C102AD4E3EB00EE6C4F /* Build configuration list for PBXProject "Hydrangea Memor" */;
			compatibilityVersion = "Xcode 14.0";
			developmentRegion = en;
			hasScannedForEncodings = 0;
			knownRegions = (
				en,
				Base,
			);
			mainGroup = FFB04C0C2AD4E3EB00EE6C4F;
			productRefGroup = FFB04C162AD4E3EB00EE6C4F /* Products */;
			projectDirPath = "";
			projectRoot = "";
			targets = (
				FFB04C142AD4E3EB00EE6C4F /* Hydrangea Memor */,
				FFB04C252AD4E3EC00EE6C4F /* Hydrangea MemorTests */,
				FFB04C2F2AD4E3EC00EE6C4F /* Hydrangea MemorUITests */,
			);
		};
/* End PBXProject section */

/* Begin PBXResourcesBuildPhase section */
		FFB04C132AD4E3EB00EE6C4F /* Resources */ = {
			isa = PBXResourcesBuildPhase;
			buildActionMask = 2147483647;
			files = (
				FFB04C202AD4E3EC00EE6C4F /* Preview Assets.xcassets in Resources */,
				FFB04C1D2AD4E3EC00EE6C4F /* Assets.xcassets in Resources */,
			);
			runOnlyForDeploymentPostprocessing = 0;
		};
		FFB04C242AD4E3EC00EE6C4F /* Resources */ = {
			isa = PBXResourcesBuildPhase;
			buildActionMask = 2147483647;
			files = (
			);
			runOnlyForDeploymentPostprocessing = 0;
		};
		FFB04C2E2AD4E3EC00EE6C4F /* Resources */ = {
			isa = PBXResourcesBuildPhase;
			buildActionMask = 2147483647;
			files = (
			);
			runOnlyForDeploymentPostprocessing = 0;
		};
/* End PBXResourcesBuildPhase section */

/* Begin PBXSourcesBuildPhase section */
		FFB04C112AD4E3EB00EE6C4F /* Sources */ = {
			isa = PBXSourcesBuildPhase;
			buildActionMask = 2147483647;
			files = (
				FF7D66BB2AD639AA00723AD3 /* Page_Develop.swift in Sources */,
				FF5D3F9D2AD5600600B549AD /* Page_About.swift in Sources */,
				FF7D66B92AD6372600723AD3 /* Word.swift in Sources */,
				FF5D3F9A2AD54C6F00B549AD /* WordListView.swift in Sources */,
				FF5D3F9F2AD5609E00B549AD /* Page_Words.swift in Sources */,
				FFB04C1B2AD4E3EB00EE6C4F /* ContentView.swift in Sources */,
				FFB04C192AD4E3EB00EE6C4F /* Hydrangea_MemorApp.swift in Sources */,
				FFB04C452AD4E77200EE6C4F /* WordList.swift in Sources */,
			);
			runOnlyForDeploymentPostprocessing = 0;
		};
		FFB04C222AD4E3EC00EE6C4F /* Sources */ = {
			isa = PBXSourcesBuildPhase;
			buildActionMask = 2147483647;
			files = (
				FFB04C2B2AD4E3EC00EE6C4F /* Hydrangea_MemorTests.swift in Sources */,
			);
			runOnlyForDeploymentPostprocessing = 0;
		};
		FFB04C2C2AD4E3EC00EE6C4F /* Sources */ = {
			isa = PBXSourcesBuildPhase;
			buildActionMask = 2147483647;
			files = (
				FFB04C352AD4E3EC00EE6C4F /* Hydrangea_MemorUITests.swift in Sources */,
				FFB04C372AD4E3EC00EE6C4F /* Hydrangea_MemorUITestsLaunchTests.swift in Sources */,
			);
			runOnlyForDeploymentPostprocessing = 0;
		};
/* End PBXSourcesBuildPhase section */

/* Begin PBXTargetDependency section */
		FFB04C282AD4E3EC00EE6C4F /* PBXTargetDependency */ = {
			isa = PBXTargetDependency;
			target = FFB04C142AD4E3EB00EE6C4F /* Hydrangea Memor */;
			targetProxy = FFB04C272AD4E3EC00EE6C4F /* PBXContainerItemProxy */;
		};
		FFB04C322AD4E3EC00EE6C4F /* PBXTargetDependency */ = {
			isa = PBXTargetDependency;
			target = FFB04C142AD4E3EB00EE6C4F /* Hydrangea Memor */;
			targetProxy = FFB04C312AD4E3EC00EE6C4F /* PBXContainerItemProxy */;
		};
/* End PBXTargetDependency section */

/* Begin XCBuildConfiguration section */
		FFB04C382AD4E3EC00EE6C4F /* Debug */ = {
			isa = XCBuildConfiguration;
			buildSettings = {
				ALWAYS_SEARCH_USER_PATHS = NO;
				CLANG_ANALYZER_NONNULL = YES;
				CLANG_ANALYZER_NUMBER_OBJECT_CONVERSION = YES_AGGRESSIVE;
				CLANG_CXX_LANGUAGE_STANDARD = "gnu++20";
				CLANG_ENABLE_MODULES = YES;
				CLANG_ENABLE_OBJC_ARC = YES;
				CLANG_ENABLE_OBJC_WEAK = YES;
				CLANG_WARN_BLOCK_CAPTURE_AUTORELEASING = YES;
				CLANG_WARN_BOOL_CONVERSION = YES;
				CLANG_WARN_COMMA = YES;
				CLANG_WARN_CONSTANT_CONVERSION = YES;
				CLANG_WARN_DEPRECATED_OBJC_IMPLEMENTATIONS = YES;
				CLANG_WARN_DIRECT_OBJC_ISA_USAGE = YES_ERROR;
				CLANG_WARN_DOCUMENTATION_COMMENTS = YES;
				CLANG_WARN_EMPTY_BODY = YES;
				CLANG_WARN_ENUM_CONVERSION = YES;
				CLANG_WARN_INFINITE_RECURSION = YES;
				CLANG_WARN_INT_CONVERSION = YES;
				CLANG_WARN_NON_LITERAL_NULL_CONVERSION = YES;
				CLANG_WARN_OBJC_IMPLICIT_RETAIN_SELF = YES;
				CLANG_WARN_OBJC_LITERAL_CONVERSION = YES;
				CLANG_WARN_OBJC_ROOT_CLASS = YES_ERROR;
				CLANG_WARN_QUOTED_INCLUDE_IN_FRAMEWORK_HEADER = YES;
				CLANG_WARN_RANGE_LOOP_ANALYSIS = YES;
				CLANG_WARN_STRICT_PROTOTYPES = YES;
				CLANG_WARN_SUSPICIOUS_MOVE = YES;
				CLANG_WARN_UNGUARDED_AVAILABILITY = YES_AGGRESSIVE;
				CLANG_WARN_UNREACHABLE_CODE = YES;
				CLANG_WARN__DUPLICATE_METHOD_MATCH = YES;
				COPY_PHASE_STRIP = NO;
				DEBUG_INFORMATION_FORMAT = dwarf;
				ENABLE_STRICT_OBJC_MSGSEND = YES;
				ENABLE_TESTABILITY = YES;
				GCC_C_LANGUAGE_STANDARD = gnu11;
				GCC_DYNAMIC_NO_PIC = NO;
				GCC_NO_COMMON_BLOCKS = YES;
				GCC_OPTIMIZATION_LEVEL = 0;
				GCC_PREPROCESSOR_DEFINITIONS = (
					"DEBUG=1",
					"$(inherited)",
				);
				GCC_WARN_64_TO_32_BIT_CONVERSION = YES;
				GCC_WARN_ABOUT_RETURN_TYPE = YES_ERROR;
				GCC_WARN_UNDECLARED_SELECTOR = YES;
				GCC_WARN_UNINITIALIZED_AUTOS = YES_AGGRESSIVE;
				GCC_WARN_UNUSED_FUNCTION = YES;
				GCC_WARN_UNUSED_VARIABLE = YES;
				MACOSX_DEPLOYMENT_TARGET = 13.3;
				MTL_ENABLE_DEBUG_INFO = INCLUDE_SOURCE;
				MTL_FAST_MATH = YES;
				ONLY_ACTIVE_ARCH = YES;
				SDKROOT = macosx;
				SWIFT_ACTIVE_COMPILATION_CONDITIONS = DEBUG;
				SWIFT_OPTIMIZATION_LEVEL = "-Onone";
			};
			name = Debug;
		};
		FFB04C392AD4E3EC00EE6C4F /* Release */ = {
			isa = XCBuildConfiguration;
			buildSettings = {
				ALWAYS_SEARCH_USER_PATHS = NO;
				CLANG_ANALYZER_NONNULL = YES;
				CLANG_ANALYZER_NUMBER_OBJECT_CONVERSION = YES_AGGRESSIVE;
				CLANG_CXX_LANGUAGE_STANDARD = "gnu++20";
				CLANG_ENABLE_MODULES = YES;
				CLANG_ENABLE_OBJC_ARC = YES;
				CLANG_ENABLE_OBJC_WEAK = YES;
				CLANG_WARN_BLOCK_CAPTURE_AUTORELEASING = YES;
				CLANG_WARN_BOOL_CONVERSION = YES;
				CLANG_WARN_COMMA = YES;
				CLANG_WARN_CONSTANT_CONVERSION = YES;
				CLANG_WARN_DEPRECATED_OBJC_IMPLEMENTATIONS = YES;
				CLANG_WARN_DIRECT_OBJC_ISA_USAGE = YES_ERROR;
				CLANG_WARN_DOCUMENTATION_COMMENTS = YES;
				CLANG_WARN_EMPTY_BODY = YES;
				CLANG_WARN_ENUM_CONVERSION = YES;
				CLANG_WARN_INFINITE_RECURSION = YES;
				CLANG_WARN_INT_CONVERSION = YES;
				CLANG_WARN_NON_LITERAL_NULL_CONVERSION = YES;
				CLANG_WARN_OBJC_IMPLICIT_RETAIN_SELF = YES;
				CLANG_WARN_OBJC_LITERAL_CONVERSION = YES;
				CLANG_WARN_OBJC_ROOT_CLASS = YES_ERROR;
				CLANG_WARN_QUOTED_INCLUDE_IN_FRAMEWORK_HEADER = YES;
				CLANG_WARN_RANGE_LOOP_ANALYSIS = YES;
				CLANG_WARN_STRICT_PROTOTYPES = YES;
				CLANG_WARN_SUSPICIOUS_MOVE = YES;
				CLANG_WARN_UNGUARDED_AVAILABILITY = YES_AGGRESSIVE;
				CLANG_WARN_UNREACHABLE_CODE = YES;
				CLANG_WARN__DUPLICATE_METHOD_MATCH = YES;
				COPY_PHASE_STRIP = NO;
				DEBUG_INFORMATION_FORMAT = "dwarf-with-dsym";
				ENABLE_NS_ASSERTIONS = NO;
				ENABLE_STRICT_OBJC_MSGSEND = YES;
				GCC_C_LANGUAGE_STANDARD = gnu11;
				GCC_NO_COMMON_BLOCKS = YES;
				GCC_WARN_64_TO_32_BIT_CONVERSION = YES;
				GCC_WARN_ABOUT_RETURN_TYPE = YES_ERROR;
				GCC_WARN_UNDECLARED_SELECTOR = YES;
				GCC_WARN_UNINITIALIZED_AUTOS = YES_AGGRESSIVE;
				GCC_WARN_UNUSED_FUNCTION = YES;
				GCC_WARN_UNUSED_VARIABLE = YES;
				MACOSX_DEPLOYMENT_TARGET = 13.3;
				MTL_ENABLE_DEBUG_INFO = NO;
				MTL_FAST_MATH = YES;
				SDKROOT = macosx;
				SWIFT_COMPILATION_MODE = wholemodule;
				SWIFT_OPTIMIZATION_LEVEL = "-O";
			};
			name = Release;
		};
		FFB04C3B2AD4E3EC00EE6C4F /* Debug */ = {
			isa = XCBuildConfiguration;
			buildSettings = {
				ASSETCATALOG_COMPILER_APPICON_NAME = AppIcon;
				ASSETCATALOG_COMPILER_GLOBAL_ACCENT_COLOR_NAME = AccentColor;
				CODE_SIGN_ENTITLEMENTS = "Hydrangea Memor/Hydrangea_Memor.entitlements";
				CODE_SIGN_STYLE = Automatic;
				COMBINE_HIDPI_IMAGES = YES;
				CURRENT_PROJECT_VERSION = 1;
				DEVELOPMENT_ASSET_PATHS = "\"Hydrangea Memor/Preview Content\"";
				DEVELOPMENT_TEAM = ZR59599HJV;
				ENABLE_HARDENED_RUNTIME = YES;
				ENABLE_PREVIEWS = YES;
				GENERATE_INFOPLIST_FILE = YES;
				INFOPLIST_KEY_NSHumanReadableCopyright = "";
				LD_RUNPATH_SEARCH_PATHS = (
					"$(inherited)",
					"@executable_path/../Frameworks",
				);
				MARKETING_VERSION = 1.0;
				PRODUCT_BUNDLE_IDENTIFIER = "com.Zeyu-Xie.Hydrangea-Memor";
				PRODUCT_NAME = "$(TARGET_NAME)";
				SWIFT_EMIT_LOC_STRINGS = YES;
				SWIFT_VERSION = 5.0;
			};
			name = Debug;
		};
		FFB04C3C2AD4E3EC00EE6C4F /* Release */ = {
			isa = XCBuildConfiguration;
			buildSettings = {
				ASSETCATALOG_COMPILER_APPICON_NAME = AppIcon;
				ASSETCATALOG_COMPILER_GLOBAL_ACCENT_COLOR_NAME = AccentColor;
				CODE_SIGN_ENTITLEMENTS = "Hydrangea Memor/Hydrangea_Memor.entitlements";
				CODE_SIGN_STYLE = Automatic;
				COMBINE_HIDPI_IMAGES = YES;
				CURRENT_PROJECT_VERSION = 1;
				DEVELOPMENT_ASSET_PATHS = "\"Hydrangea Memor/Preview Content\"";
				DEVELOPMENT_TEAM = ZR59599HJV;
				ENABLE_HARDENED_RUNTIME = YES;
				ENABLE_PREVIEWS = YES;
				GENERATE_INFOPLIST_FILE = YES;
				INFOPLIST_KEY_NSHumanReadableCopyright = "";
				LD_RUNPATH_SEARCH_PATHS = (
					"$(inherited)",
					"@executable_path/../Frameworks",
				);
				MARKETING_VERSION = 1.0;
				PRODUCT_BUNDLE_IDENTIFIER = "com.Zeyu-Xie.Hydrangea-Memor";
				PRODUCT_NAME = "$(TARGET_NAME)";
				SWIFT_EMIT_LOC_STRINGS = YES;
				SWIFT_VERSION = 5.0;
			};
			name = Release;
		};
		FFB04C3E2AD4E3EC00EE6C4F /* Debug */ = {
			isa = XCBuildConfiguration;
			buildSettings = {
				ALWAYS_EMBED_SWIFT_STANDARD_LIBRARIES = YES;
				BUNDLE_LOADER = "$(TEST_HOST)";
				CODE_SIGN_STYLE = Automatic;
				CURRENT_PROJECT_VERSION = 1;
				DEVELOPMENT_TEAM = ZR59599HJV;
				GENERATE_INFOPLIST_FILE = YES;
				MACOSX_DEPLOYMENT_TARGET = 13.3;
				MARKETING_VERSION = 1.0;
				PRODUCT_BUNDLE_IDENTIFIER = "com.Zeyu-Xie.Hydrangea-MemorTests";
				PRODUCT_NAME = "$(TARGET_NAME)";
				SWIFT_EMIT_LOC_STRINGS = NO;
				SWIFT_VERSION = 5.0;
				TEST_HOST = "$(BUILT_PRODUCTS_DIR)/Hydrangea Memor.app/$(BUNDLE_EXECUTABLE_FOLDER_PATH)/Hydrangea Memor";
			};
			name = Debug;
		};
		FFB04C3F2AD4E3EC00EE6C4F /* Release */ = {
			isa = XCBuildConfiguration;
			buildSettings = {
				ALWAYS_EMBED_SWIFT_STANDARD_LIBRARIES = YES;
				BUNDLE_LOADER = "$(TEST_HOST)";
				CODE_SIGN_STYLE = Automatic;
				CURRENT_PROJECT_VERSION = 1;
				DEVELOPMENT_TEAM = ZR59599HJV;
				GENERATE_INFOPLIST_FILE = YES;
				MACOSX_DEPLOYMENT_TARGET = 13.3;
				MARKETING_VERSION = 1.0;
				PRODUCT_BUNDLE_IDENTIFIER = "com.Zeyu-Xie.Hydrangea-MemorTests";
				PRODUCT_NAME = "$(TARGET_NAME)";
				SWIFT_EMIT_LOC_STRINGS = NO;
				SWIFT_VERSION = 5.0;
				TEST_HOST = "$(BUILT_PRODUCTS_DIR)/Hydrangea Memor.app/$(BUNDLE_EXECUTABLE_FOLDER_PATH)/Hydrangea Memor";
			};
			name = Release;
		};
		FFB04C412AD4E3EC00EE6C4F /* Debug */ = {
			isa = XCBuildConfiguration;
			buildSettings = {
				ALWAYS_EMBED_SWIFT_STANDARD_LIBRARIES = YES;
				CODE_SIGN_STYLE = Automatic;
				CURRENT_PROJECT_VERSION = 1;
				DEVELOPMENT_TEAM = ZR59599HJV;
				GENERATE_INFOPLIST_FILE = YES;
				MARKETING_VERSION = 1.0;
				PRODUCT_BUNDLE_IDENTIFIER = "com.Zeyu-Xie.Hydrangea-MemorUITests";
				PRODUCT_NAME = "$(TARGET_NAME)";
				SWIFT_EMIT_LOC_STRINGS = NO;
				SWIFT_VERSION = 5.0;
				TEST_TARGET_NAME = "Hydrangea Memor";
			};
			name = Debug;
		};
		FFB04C422AD4E3EC00EE6C4F /* Release */ = {
			isa = XCBuildConfiguration;
			buildSettings = {
				ALWAYS_EMBED_SWIFT_STANDARD_LIBRARIES = YES;
				CODE_SIGN_STYLE = Automatic;
				CURRENT_PROJECT_VERSION = 1;
				DEVELOPMENT_TEAM = ZR59599HJV;
				GENERATE_INFOPLIST_FILE = YES;
				MARKETING_VERSION = 1.0;
				PRODUCT_BUNDLE_IDENTIFIER = "com.Zeyu-Xie.Hydrangea-MemorUITests";
				PRODUCT_NAME = "$(TARGET_NAME)";
				SWIFT_EMIT_LOC_STRINGS = NO;
				SWIFT_VERSION = 5.0;
				TEST_TARGET_NAME = "Hydrangea Memor";
			};
			name = Release;
		};
/* End XCBuildConfiguration section */

/* Begin XCConfigurationList section */
		FFB04C102AD4E3EB00EE6C4F /* Build configuration list for PBXProject "Hydrangea Memor" */ = {
			isa = XCConfigurationList;
			buildConfigurations = (
				FFB04C382AD4E3EC00EE6C4F /* Debug */,
				FFB04C392AD4E3EC00EE6C4F /* Release */,
			);
			defaultConfigurationIsVisible = 0;
			defaultConfigurationName = Release;
		};
		FFB04C3A2AD4E3EC00EE6C4F /* Build configuration list for PBXNativeTarget "Hydrangea Memor" */ = {
			isa = XCConfigurationList;
			buildConfigurations = (
				FFB04C3B2AD4E3EC00EE6C4F /* Debug */,
				FFB04C3C2AD4E3EC00EE6C4F /* Release */,
			);
			defaultConfigurationIsVisible = 0;
			defaultConfigurationName = Release;
		};
		FFB04C3D2AD4E3EC00EE6C4F /* Build configuration list for PBXNativeTarget "Hydrangea MemorTests" */ = {
			isa = XCConfigurationList;
			buildConfigurations = (
				FFB04C3E2AD4E3EC00EE6C4F /* Debug */,
				FFB04C3F2AD4E3EC00EE6C4F /* Release */,
			);
			defaultConfigurationIsVisible = 0;
			defaultConfigurationName = Release;
		};
		FFB04C402AD4E3EC00EE6C4F /* Build configuration list for PBXNativeTarget "Hydrangea MemorUITests" */ = {
			isa = XCConfigurationList;
			buildConfigurations = (
				FFB04C412AD4E3EC00EE6C4F /* Debug */,
				FFB04C422AD4E3EC00EE6C4F /* Release */,
			);
			defaultConfigurationIsVisible = 0;
			defaultConfigurationName = Release;
		};
/* End XCConfigurationList section */
	};
	rootObject = FFB04C0D2AD4E3EB00EE6C4F /* Project object */;
}
